<Solution>
  <Folder Name="/src/">
    <Project Path="src/Rochell.Platform/Rochell.Platform.csproj" />
    <Project Path="src/Rochell.Identity/Rochell.Identity.csproj" />
    <Project Path="src/Rochell.MasterData/Rochell.MasterData.csproj" />
    <Project Path="src/Rochell.Finance/Rochell.Finance.csproj" />
    <Project Path="src/Rochell.Inventory/Rochell.Inventory.csproj" />
    <Project Path="src/Rochell.Procurement/Rochell.Procurement.csproj" />
    <Project Path="src/Rochell.Tax/Rochell.Tax.csproj" />
    <Project Path="src/Rochell.Audit/Rochell.Audit.csproj" />
    <Project Path="src/Rochell.Reconciliation/Rochell.Reconciliation.csproj" />
    <Project Path="src/Rochell.Migrations/Rochell.Migrations.csproj" />
    <Project Path="src/Rochell.Migrations.Cli/Rochell.Migrations.Cli.csproj" />
    <Project Path="src/Rochell.Api/Rochell.Api.csproj" />
  </Folder>
  <Folder Name="/tests/">
    <Project Path="tests/Rochell.TestInfrastructure/Rochell.TestInfrastructure.csproj" />
    <Project Path="tests/Rochell.Migrations.Tests/Rochell.Migrations.Tests.csproj" />
    <Project Path="tests/Rochell.Platform.Tests/Rochell.Platform.Tests.csproj" />
    <Project Path="tests/Rochell.Identity.Tests/Rochell.Identity.Tests.csproj" />
    <Project Path="tests/Rochell.MasterData.Tests/Rochell.MasterData.Tests.csproj" />
    <Project Path="tests/Rochell.Finance.Tests/Rochell.Finance.Tests.csproj" />
    <Project Path="tests/Rochell.Inventory.Tests/Rochell.Inventory.Tests.csproj" />
    <Project Path="tests/Rochell.Procurement.Tests/Rochell.Procurement.Tests.csproj" />
    <Project Path="tests/Rochell.Tax.Tests/Rochell.Tax.Tests.csproj" />
    <Project Path="tests/Rochell.Audit.Tests/Rochell.Audit.Tests.csproj" />
    <Project Path="tests/Rochell.Reconciliation.Tests/Rochell.Reconciliation.Tests.csproj" />
    <Project Path="tests/Rochell.Api.Tests/Rochell.Api.Tests.csproj" />
    <Project Path="tests/Rochell.ArchitectureTests/Rochell.ArchitectureTests.csproj" />
  </Folder>
</Solution>
